
Microsoft Visual Studio Solution File, Format Version 12.00
# Visual Studio Version 17
VisualStudioVersion = 17.0.31903.59
MinimumVisualStudioVersion = 10.0.40219.1
Project("{2150E333-8FDC-42A3-9474-1A3956D46DE8}") = "src", "src", "{827E0CD3-B72D-47B6-A68D-7590B98EB39B}"
EndProject
Project("{FAE04EC0-301F-11D3-BF4B-00C04F79EFBC}") = "GymSaaS.Domain", "src\GymSaaS.Domain\GymSaaS.Domain.csproj", "{1B435A41-C981-49E8-8B75-AABB294AD488}"
EndProject
Project("{FAE04EC0-301F-11D3-BF4B-00C04F79EFBC}") = "GymSaaS.Application", "src\GymSaaS.Application\GymSaaS.Application.csproj", "{499C0FC8-7C1A-478D-BE78-71618CA906A0}"
EndProject
Project("{FAE04EC0-301F-11D3-BF4B-00C04F79EFBC}") = "GymSaaS.Infrastructure", "src\GymSaaS.Infrastructure\GymSaaS.Infrastructure.csproj", "{B8760E7C-48FA-42EB-BD53-C269E5C85C57}"
EndProject
Project("{FAE04EC0-301F-11D3-BF4B-00C04F79EFBC}") = "GymSaaS.API", "src\GymSaaS.API\GymSaaS.API.csproj", "{84D531E2-202D-4F75-9BEB-A06CDFD3DB51}"
EndProject
Project("{2150E333-8FDC-42A3-9474-1A3956D46DE8}") = "tests", "tests", "{0AB3BF05-4346-4AA6-1389-037BE0695223}"
EndProject
Project("{FAE04EC0-301F-11D3-BF4B-00C04F79EFBC}") = "GymSaaS.Domain.UnitTests", "tests\GymSaaS.Domain.UnitTests\GymSaaS.Domain.UnitTests.csproj", "{B64A6DE7-E953-4E62-BAC8-328BD4A9DE32}"
EndProject
Project("{FAE04EC0-301F-11D3-BF4B-00C04F79EFBC}") = "GymSaaS.Application.UnitTests", "tests\GymSaaS.Application.UnitTests\GymSaaS.Application.UnitTests.csproj", "{14CE1261-CAF3-4634-B7E1-64FA0711D0E2}"
EndProject
Project("{FAE04EC0-301F-11D3-BF4B-00C04F79EFBC}") = "GymSaaS.API.IntegrationTests", "tests\GymSaaS.API.IntegrationTests\GymSaaS.API.IntegrationTests.csproj", "{BD0400B8-9D39-4EE0-AC63-69D35124CE32}"
EndProject
Global
	GlobalSection(SolutionConfigurationPlatforms) = preSolution
		Debug|Any CPU = Debug|Any CPU
		Debug|x64 = Debug|x64
		Debug|x86 = Debug|x86
		Release|Any CPU = Release|Any CPU
		Release|x64 = Release|x64
		Release|x86 = Release|x86
	EndGlobalSection
	GlobalSection(ProjectConfigurationPlatforms) = postSolution
		{1B435A41-C981-49E8-8B75-AABB294AD488}.Debug|Any CPU.ActiveCfg = Debug|Any CPU
		{1B435A41-C981-49E8-8B75-AABB294AD488}.Debug|Any CPU.Build.0 = Debug|Any CPU
		{1B435A41-C981-49E8-8B75-AABB294AD488}.Debug|x64.ActiveCfg = Debug|Any CPU
		{1B435A41-C981-49E8-8B75-AABB294AD488}.Debug|x64.Build.0 = Debug|Any CPU
		{1B435A41-C981-49E8-8B75-AABB294AD488}.Debug|x86.ActiveCfg = Debug|Any CPU
		{1B435A41-C981-49E8-8B75-AABB294AD488}.Debug|x86.Build.0 = Debug|Any CPU
		{1B435A41-C981-49E8-8B75-AABB294AD488}.Release|Any CPU.ActiveCfg = Release|Any CPU
		{1B435A41-C981-49E8-8B75-AABB294AD488}.Release|Any CPU.Build.0 = Release|Any CPU
		{1B435A41-C981-49E8-8B75-AABB294AD488}.Release|x64.ActiveCfg = Release|Any CPU
		{1B435A41-C981-49E8-8B75-AABB294AD488}.Release|x64.Build.0 = Release|Any CPU
		{1B435A41-C981-49E8-8B75-AABB294AD488}.Release|x86.ActiveCfg = Release|Any CPU
		{1B435A41-C981-49E8-8B75-AABB294AD488}.Release|x86.Build.0 = Release|Any CPU
		{499C0FC8-7C1A-478D-BE78-71618CA906A0}.Debug|Any CPU.ActiveCfg = Debug|Any CPU
		{499C0FC8-7C1A-478D-BE78-71618CA906A0}.Debug|Any CPU.Build.0 = Debug|Any CPU
		{499C0FC8-7C1A-478D-BE78-71618CA906A0}.Debug|x64.ActiveCfg = Debug|Any CPU
		{499C0FC8-7C1A-478D-BE78-71618CA906A0}.Debug|x64.Build.0 = Debug|Any CPU
		{499C0FC8-7C1A-478D-BE78-71618CA906A0}.Debug|x86.ActiveCfg = Debug|Any CPU
		{499C0FC8-7C1A-478D-BE78-71618CA906A0}.Debug|x86.Build.0 = Debug|Any CPU
		{499C0FC8-7C1A-478D-BE78-71618CA906A0}.Release|Any CPU.ActiveCfg = Release|Any CPU
		{499C0FC8-7C1A-478D-BE78-71618CA906A0}.Release|Any CPU.Build.0 = Release|Any CPU
		{499C0FC8-7C1A-478D-BE78-71618CA906A0}.Release|x64.ActiveCfg = Release|Any CPU
		{499C0FC8-7C1A-478D-BE78-71618CA906A0}.Release|x64.Build.0 = Release|Any CPU
		{499C0FC8-7C1A-478D-BE78-71618CA906A0}.Release|x86.ActiveCfg = Release|Any CPU
		{499C0FC8-7C1A-478D-BE78-71618CA906A0}.Release|x86.Build.0 = Release|Any CPU
		{B8760E7C-48FA-42EB-BD53-C269E5C85C57}.Debug|Any CPU.ActiveCfg = Debug|Any CPU
		{B8760E7C-48FA-42EB-BD53-C269E5C85C57}.Debug|Any CPU.Build.0 = Debug|Any CPU
		{B8760E7C-48FA-42EB-BD53-C269E5C85C57}.Debug|x64.ActiveCfg = Debug|Any CPU
		{B8760E7C-48FA-42EB-BD53-C269E5C85C57}.Debug|x64.Build.0 = Debug|Any CPU
		{B8760E7C-48FA-42EB-BD53-C269E5C85C57}.Debug|x86.ActiveCfg = Debug|Any CPU
		{B8760E7C-48FA-42EB-BD53-C269E5C85C57}.Debug|x86.Build.0 = Debug|Any CPU
		{B8760E7C-48FA-42EB-BD53-C269E5C85C57}.Release|Any CPU.ActiveCfg = Release|Any CPU
		{B8760E7C-48FA-42EB-BD53-C269E5C85C57}.Release|Any CPU.Build.0 = Release|Any CPU
		{B8760E7C-48FA-42EB-BD53-C269E5C85C57}.Release|x64.ActiveCfg = Release|Any CPU
		{B8760E7C-48FA-42EB-BD53-C269E5C85C57}.Release|x64.Build.0 = Release|Any CPU
		{B8760E7C-48FA-42EB-BD53-C269E5C85C57}.Release|x86.ActiveCfg = Release|Any CPU
		{B8760E7C-48FA-42EB-BD53-C269E5C85C57}.Release|x86.Build.0 = Release|Any CPU
		{84D531E2-202D-4F75-9BEB-A06CDFD3DB51}.Debug|Any CPU.ActiveCfg = Debug|Any CPU
		{84D531E2-202D-4F75-9BEB-A06CDFD3DB51}.Debug|Any CPU.Build.0 = Debug|Any CPU
		{84D531E2-202D-4F75-9BEB-A06CDFD3DB51}.Debug|x64.ActiveCfg = Debug|Any CPU
		{84D531E2-202D-4F75-9BEB-A06CDFD3DB51}.Debug|x64.Build.0 = Debug|Any CPU
		{84D531E2-202D-4F75-9BEB-A06CDFD3DB51}.Debug|x86.ActiveCfg = Debug|Any CPU
		{84D531E2-202D-4F75-9BEB-A06CDFD3DB51}.Debug|x86.Build.0 = Debug|Any CPU
		{84D531E2-202D-4F75-9BEB-A06CDFD3DB51}.Release|Any CPU.ActiveCfg = Release|Any CPU
		{84D531E2-202D-4F75-9BEB-A06CDFD3DB51}.Release|Any CPU.Build.0 = Release|Any CPU
		{84D531E2-202D-4F75-9BEB-A06CDFD3DB51}.Release|x64.ActiveCfg = Release|Any CPU
		{84D531E2-202D-4F75-9BEB-A06CDFD3DB51}.Release|x64.Build.0 = Release|Any CPU
		{84D531E2-202D-4F75-9BEB-A06CDFD3DB51}.Release|x86.ActiveCfg = Release|Any CPU
		{84D531E2-202D-4F75-9BEB-A06CDFD3DB51}.Release|x86.Build.0 = Release|Any CPU
		{B64A6DE7-E953-4E62-BAC8-328BD4A9DE32}.Debug|Any CPU.ActiveCfg = Debug|Any CPU
		{B64A6DE7-E953-4E62-BAC8-328BD4A9DE32}.Debug|Any CPU.Build.0 = Debug|Any CPU
		{B64A6DE7-E953-4E62-BAC8-328BD4A9DE32}.Debug|x64.ActiveCfg = Debug|Any CPU
		{B64A6DE7-E953-4E62-BAC8-328BD4A9DE32}.Debug|x64.Build.0 = Debug|Any CPU
		{B64A6DE7-E953-4E62-BAC8-328BD4A9DE32}.Debug|x86.ActiveCfg = Debug|Any CPU
		{B64A6DE7-E953-4E62-BAC8-328BD4A9DE32}.Debug|x86.Build.0 = Debug|Any CPU
		{B64A6DE7-E953-4E62-BAC8-328BD4A9DE32}.Release|Any CPU.ActiveCfg = Release|Any CPU
		{B64A6DE7-E953-4E62-BAC8-328BD4A9DE32}.Release|Any CPU.Build.0 = Release|Any CPU
		{B64A6DE7-E953-4E62-BAC8-328BD4A9DE32}.Release|x64.ActiveCfg = Release|Any CPU
		{B64A6DE7-E953-4E62-BAC8-328BD4A9DE32}.Release|x64.Build.0 = Release|Any CPU
		{B64A6DE7-E953-4E62-BAC8-328BD4A9DE32}.Release|x86.ActiveCfg = Release|Any CPU
		{B64A6DE7-E953-4E62-BAC8-328BD4A9DE32}.Release|x86.Build.0 = Release|Any CPU
		{14CE1261-CAF3-4634-B7E1-64FA0711D0E2}.Debug|Any CPU.ActiveCfg = Debug|Any CPU
		{14CE1261-CAF3-4634-B7E1-64FA0711D0E2}.Debug|Any CPU.Build.0 = Debug|Any CPU
		{14CE1261-CAF3-4634-B7E1-64FA0711D0E2}.Debug|x64.ActiveCfg = Debug|Any CPU
		{14CE1261-CAF3-4634-B7E1-64FA0711D0E2}.Debug|x64.Build.0 = Debug|Any CPU
		{14CE1261-CAF3-4634-B7E1-64FA0711D0E2}.Debug|x86.ActiveCfg = Debug|Any CPU
		{14CE1261-CAF3-4634-B7E1-64FA0711D0E2}.Debug|x86.Build.0 = Debug|Any CPU
		{14CE1261-CAF3-4634-B7E1-64FA0711D0E2}.Release|Any CPU.ActiveCfg = Release|Any CPU
		{14CE1261-CAF3-4634-B7E1-64FA0711D0E2}.Release|Any CPU.Build.0 = Release|Any CPU
		{14CE1261-CAF3-4634-B7E1-64FA0711D0E2}.Release|x64.ActiveCfg = Release|Any CPU
		{14CE1261-CAF3-4634-B7E1-64FA0711D0E2}.Release|x64.Build.0 = Release|Any CPU
		{14CE1261-CAF3-4634-B7E1-64FA0711D0E2}.Release|x86.ActiveCfg = Release|Any CPU
		{14CE1261-CAF3-4634-B7E1-64FA0711D0E2}.Release|x86.Build.0 = Release|Any CPU
		{BD0400B8-9D39-4EE0-AC63-69D35124CE32}.Debug|Any CPU.ActiveCfg = Debug|Any CPU
		{BD0400B8-9D39-4EE0-AC63-69D35124CE32}.Debug|Any CPU.Build.0 = Debug|Any CPU
		{BD0400B8-9D39-4EE0-AC63-69D35124CE32}.Debug|x64.ActiveCfg = Debug|Any CPU
		{BD0400B8-9D39-4EE0-AC63-69D35124CE32}.Debug|x64.Build.0 = Debug|Any CPU
		{BD0400B8-9D39-4EE0-AC63-69D35124CE32}.Debug|x86.ActiveCfg = Debug|Any CPU
		{BD0400B8-9D39-4EE0-AC63-69D35124CE32}.Debug|x86.Build.0 = Debug|Any CPU
		{BD0400B8-9D39-4EE0-AC63-69D35124CE32}.Release|Any CPU.ActiveCfg = Release|Any CPU
		{BD0400B8-9D39-4EE0-AC63-69D35124CE32}.Release|Any CPU.Build.0 = Release|Any CPU
		{BD0400B8-9D39-4EE0-AC63-69D35124CE32}.Release|x64.ActiveCfg = Release|Any CPU
		{BD0400B8-9D39-4EE0-AC63-69D35124CE32}.Release|x64.Build.0 = Release|Any CPU
		{BD0400B8-9D39-4EE0-AC63-69D35124CE32}.Release|x86.ActiveCfg = Release|Any CPU
		{BD0400B8-9D39-4EE0-AC63-69D35124CE32}.Release|x86.Build.0 = Release|Any CPU
	EndGlobalSection
	GlobalSection(SolutionProperties) = preSolution
		HideSolutionNode = FALSE
	EndGlobalSection
	GlobalSection(NestedProjects) = preSolution
		{1B435A41-C981-49E8-8B75-AABB294AD488} = {827E0CD3-B72D-47B6-A68D-7590B98EB39B}
		{499C0FC8-7C1A-478D-BE78-71618CA906A0} = {827E0CD3-B72D-47B6-A68D-7590B98EB39B}
		{B8760E7C-48FA-42EB-BD53-C269E5C85C57} = {827E0CD3-B72D-47B6-A68D-7590B98EB39B}
		{84D531E2-202D-4F75-9BEB-A06CDFD3DB51} = {827E0CD3-B72D-47B6-A68D-7590B98EB39B}
		{B64A6DE7-E953-4E62-BAC8-328BD4A9DE32} = {0AB3BF05-4346-4AA6-1389-037BE0695223}
		{14CE1261-CAF3-4634-B7E1-64FA0711D0E2} = {0AB3BF05-4346-4AA6-1389-037BE0695223}
		{BD0400B8-9D39-4EE0-AC63-69D35124CE32} = {0AB3BF05-4346-4AA6-1389-037BE0695223}
	EndGlobalSection
EndGlobal
